// !$*UTF8*$!
{
	archiveVersion = 1;
	classes = {
	};
	objectVersion = 56;
	objects = {

/* Begin PBXBuildFile section */
		A10000001 /* AnimaMacApp.swift in Sources */ = {isa = PBXBuildFile; fileRef = A10000011 /* AnimaMacApp.swift */; };
		A10000002 /* AppState.swift in Sources */ = {isa = PBXBuildFile; fileRef = A10000012 /* AppState.swift */; };
		A10000003 /* MenuBarView.swift in Sources */ = {isa = PBXBuildFile; fileRef = A10000013 /* MenuBarView.swift */; };
		A10000004 /* ScreenRecorder.swift in Sources */ = {isa = PBXBuildFile; fileRef = A10000014 /* ScreenRecorder.swift */; };
		A10000005 /* CaptureConfiguration.swift in Sources */ = {isa = PBXBuildFile; fileRef = A10000015 /* CaptureConfiguration.swift */; };
		A10000006 /* WindowPicker.swift in Sources */ = {isa = PBXBuildFile; fileRef = A10000016 /* WindowPicker.swift */; };
		A10000007 /* RecordingOverlay.swift in Sources */ = {isa = PBXBuildFile; fileRef = A10000017 /* RecordingOverlay.swift */; };
		A10000008 /* SettingsView.swift in Sources */ = {isa = PBXBuildFile; fileRef = A10000018 /* SettingsView.swift */; };
		A10000009 /* FFmpegManager.swift in Sources */ = {isa = PBXBuildFile; fileRef = A10000019 /* FFmpegManager.swift */; };
		A1000000A /* GIFExporter.swift in Sources */ = {isa = PBXBuildFile; fileRef = A1000001A /* GIFExporter.swift */; };
		A1000000B /* ExportSettings.swift in Sources */ = {isa = PBXBuildFile; fileRef = A1000001B /* ExportSettings.swift */; };
		A1000000C /* Recording.swift in Sources */ = {isa = PBXBuildFile; fileRef = A1000001C /* Recording.swift */; };
		A1000000D /* RecordingLibrary.swift in Sources */ = {isa = PBXBuildFile; fileRef = A1000001D /* RecordingLibrary.swift */; };
		A1000000E /* FileManager+AnimaMac.swift in Sources */ = {isa = PBXBuildFile; fileRef = A1000001E /* FileManager+AnimaMac.swift */; };
		A1000000F /* Assets.xcassets in Resources */ = {isa = PBXBuildFile; fileRef = A1000001F /* Assets.xcassets */; };
/* End PBXBuildFile section */

/* Begin PBXFileReference section */
		A10000020 /* AnimaMac.app */ = {isa = PBXFileReference; explicitFileType = wrapper.application; includeInIndex = 0; path = AnimaMac.app; sourceTree = BUILT_PRODUCTS_DIR; };
		A10000011 /* AnimaMacApp.swift */ = {isa = PBXFileReference; lastKnownFileType = sourcecode.swift; path = AnimaMacApp.swift; sourceTree = "<group>"; };
		A10000012 /* AppState.swift */ = {isa = PBXFileReference; lastKnownFileType = sourcecode.swift; path = AppState.swift; sourceTree = "<group>"; };
		A10000013 /* MenuBarView.swift */ = {isa = PBXFileReference; lastKnownFileType = sourcecode.swift; path = MenuBarView.swift; sourceTree = "<group>"; };
		A10000014 /* ScreenRecorder.swift */ = {isa = PBXFileReference; lastKnownFileType = sourcecode.swift; path = ScreenRecorder.swift; sourceTree = "<group>"; };
		A10000015 /* CaptureConfiguration.swift */ = {isa = PBXFileReference; lastKnownFileType = sourcecode.swift; path = CaptureConfiguration.swift; sourceTree = "<group>"; };
		A10000016 /* WindowPicker.swift */ = {isa = PBXFileReference; lastKnownFileType = sourcecode.swift; path = WindowPicker.swift; sourceTree = "<group>"; };
		A10000017 /* RecordingOverlay.swift */ = {isa = PBXFileReference; lastKnownFileType = sourcecode.swift; path = RecordingOverlay.swift; sourceTree = "<group>"; };
		A10000018 /* SettingsView.swift */ = {isa = PBXFileReference; lastKnownFileType = sourcecode.swift; path = SettingsView.swift; sourceTree = "<group>"; };
		A10000019 /* FFmpegManager.swift */ = {isa = PBXFileReference; lastKnownFileType = sourcecode.swift; path = FFmpegManager.swift; sourceTree = "<group>"; };
		A1000001A /* GIFExporter.swift */ = {isa = PBXFileReference; lastKnownFileType = sourcecode.swift; path = GIFExporter.swift; sourceTree = "<group>"; };
		A1000001B /* ExportSettings.swift */ = {isa = PBXFileReference; lastKnownFileType = sourcecode.swift; path = ExportSettings.swift; sourceTree = "<group>"; };
		A1000001C /* Recording.swift */ = {isa = PBXFileReference; lastKnownFileType = sourcecode.swift; path = Recording.swift; sourceTree = "<group>"; };
		A1000001D /* RecordingLibrary.swift */ = {isa = PBXFileReference; lastKnownFileType = sourcecode.swift; path = RecordingLibrary.swift; sourceTree = "<group>"; };
		A1000001E /* FileManager+AnimaMac.swift */ = {isa = PBXFileReference; lastKnownFileType = sourcecode.swift; path = "FileManager+AnimaMac.swift"; sourceTree = "<group>"; };
		A1000001F /* Assets.xcassets */ = {isa = PBXFileReference; lastKnownFileType = folder.assetcatalog; path = Assets.xcassets; sourceTree = "<group>"; };
		A10000021 /* Info.plist */ = {isa = PBXFileReference; lastKnownFileType = text.plist.xml; path = Info.plist; sourceTree = "<group>"; };
		A10000022 /* AnimaMac.entitlements */ = {isa = PBXFileReference; lastKnownFileType = text.plist.entitlements; path = AnimaMac.entitlements; sourceTree = "<group>"; };
/* End PBXFileReference section */

/* Begin PBXFrameworksBuildPhase section */
		A10000030 /* Frameworks */ = {
			isa = PBXFrameworksBuildPhase;
			buildActionMask = 2147483647;
			files = (
			);
			runOnlyForDeploymentPostprocessing = 0;
		};
/* End PBXFrameworksBuildPhase section */

/* Begin PBXGroup section */
		A10000040 = {
			isa = PBXGroup;
			children = (
				A10000041 /* AnimaMac */,
				A10000042 /* Products */,
			);
			sourceTree = "<group>";
		};
		A10000041 /* AnimaMac */ = {
			isa = PBXGroup;
			children = (
				A10000043 /* App */,
				A10000044 /* Capture */,
				A10000045 /* Export */,
				A10000046 /* Storage */,
				A10000047 /* UI */,
				A10000048 /* Resources */,
				A10000021 /* Info.plist */,
				A10000022 /* AnimaMac.entitlements */,
			);
			path = AnimaMac;
			sourceTree = "<group>";
		};
		A10000042 /* Products */ = {
			isa = PBXGroup;
			children = (
				A10000020 /* AnimaMac.app */,
			);
			name = Products;
			sourceTree = "<group>";
		};
		A10000043 /* App */ = {
			isa = PBXGroup;
			children = (
				A10000011 /* AnimaMacApp.swift */,
				A10000012 /* AppState.swift */,
			);
			path = App;
			sourceTree = "<group>";
		};
		A10000044 /* Capture */ = {
			isa = PBXGroup;
			children = (
				A10000014 /* ScreenRecorder.swift */,
				A10000015 /* CaptureConfiguration.swift */,
				A10000016 /* WindowPicker.swift */,
			);
			path = Capture;
			sourceTree = "<group>";
		};
		A10000045 /* Export */ = {
			isa = PBXGroup;
			children = (
				A10000019 /* FFmpegManager.swift */,
				A1000001A /* GIFExporter.swift */,
				A1000001B /* ExportSettings.swift */,
			);
			path = Export;
			sourceTree = "<group>";
		};
		A10000046 /* Storage */ = {
			isa = PBXGroup;
			children = (
				A1000001C /* Recording.swift */,
				A1000001D /* RecordingLibrary.swift */,
				A1000001E /* FileManager+AnimaMac.swift */,
			);
			path = Storage;
			sourceTree = "<group>";
		};
		A10000047 /* UI */ = {
			isa = PBXGroup;
			children = (
				A10000013 /* MenuBarView.swift */,
				A10000017 /* RecordingOverlay.swift */,
				A10000018 /* SettingsView.swift */,
			);
			path = UI;
			sourceTree = "<group>";
		};
		A10000048 /* Resources */ = {
			isa = PBXGroup;
			children = (
				A1000001F /* Assets.xcassets */,
			);
			path = Resources;
			sourceTree = "<group>";
		};
/* End PBXGroup section */

/* Begin PBXNativeTarget section */
		A10000050 /* AnimaMac */ = {
			isa = PBXNativeTarget;
			buildConfigurationList = A10000060 /* Build configuration list for PBXNativeTarget "AnimaMac" */;
			buildPhases = (
				A10000051 /* Sources */,
				A10000030 /* Frameworks */,
				A10000052 /* Resources */,
			);
			buildRules = (
			);
			dependencies = (
			);
			name = AnimaMac;
			productName = AnimaMac;
			productReference = A10000020 /* AnimaMac.app */;
			productType = "com.apple.product-type.application";
		};
/* End PBXNativeTarget section */

/* Begin PBXProject section */
		A10000070 /* Project object */ = {
			isa = PBXProject;
			attributes = {
				BuildIndependentTargetsInParallel = 1;
				LastSwiftUpdateCheck = 1500;
				LastUpgradeCheck = 1500;
				TargetAttributes = {
					A10000050 = {
						CreatedOnToolsVersion = 15.0;
					};
				};
			};
			buildConfigurationList = A10000071 /* Build configuration list for PBXProject "AnimaMac" */;
			compatibilityVersion = "Xcode 14.0";
			developmentRegion = en;
			hasScannedForEncodings = 0;
			knownRegions = (
				en,
				Base,
			);
			mainGroup = A10000040;
			productRefGroup = A10000042 /* Products */;
			projectDirPath = "";
			projectRoot = "";
			targets = (
				A10000050 /* AnimaMac */,
			);
		};
/* End PBXProject section */

/* Begin PBXResourcesBuildPhase section */
		A10000052 /* Resources */ = {
			isa = PBXResourcesBuildPhase;
			buildActionMask = 2147483647;
			files = (
				A1000000F /* Assets.xcassets in Resources */,
			);
			runOnlyForDeploymentPostprocessing = 0;
		};
/* End PBXResourcesBuildPhase section */

/* Begin PBXSourcesBuildPhase section */
		A10000051 /* Sources */ = {
			isa = PBXSourcesBuildPhase;
			buildActionMask = 2147483647;
			files = (
				A10000001 /* AnimaMacApp.swift in Sources */,
				A10000002 /* AppState.swift in Sources */,
				A10000003 /* MenuBarView.swift in Sources */,
				A10000004 /* ScreenRecorder.swift in Sources */,
				A10000005 /* CaptureConfiguration.swift in Sources */,
				A10000006 /* WindowPicker.swift in Sources */,
				A10000007 /* RecordingOverlay.swift in Sources */,
				A10000008 /* SettingsView.swift in Sources */,
				A10000009 /* FFmpegManager.swift in Sources */,
				A1000000A /* GIFExporter.swift in Sources */,
				A1000000B /* ExportSettings.swift in Sources */,
				A1000000C /* Recording.swift in Sources */,
				A1000000D /* RecordingLibrary.swift in Sources */,
				A1000000E /* FileManager+AnimaMac.swift in Sources */,
			);
			runOnlyForDeploymentPostprocessing = 0;
		};
/* End PBXSourcesBuildPhase section */

/* Begin XCBuildConfiguration section */
		A10000080 /* Debug */ = {
			isa = XCBuildConfiguration;
			buildSettings = {
				ALWAYS_SEARCH_USER_PATHS = NO;
				ASSETCATALOG_COMPILER_GENERATE_SWIFT_ASSET_SYMBOL_EXTENSIONS = YES;
				CLANG_ANALYZER_NONNULL = YES;
				CLANG_ANALYZER_NUMBER_OBJECT_CONVERSION = YES_AGGRESSIVE;
				CLANG_CXX_LANGUAGE_STANDARD = "gnu++20";
				CLANG_ENABLE_MODULES = YES;
				CLANG_ENABLE_OBJC_ARC = YES;
				CLANG_ENABLE_OBJC_WEAK = YES;
				CLANG_WARN_BLOCK_CAPTURE_AUTORELEASING = YES;
				CLANG_WARN_BOOL_CONVERSION = YES;
				CLANG_WARN_COMMA = YES;
				CLANG_WARN_CONSTANT_CONVERSION = YES;
				CLANG_WARN_DEPRECATED_OBJC_IMPLEMENTATIONS = YES;
				CLANG_WARN_DIRECT_OBJC_ISA_USAGE = YES_ERROR;
				CLANG_WARN_DOCUMENTATION_COMMENTS = YES;
				CLANG_WARN_EMPTY_BODY = YES;
				CLANG_WARN_ENUM_CONVERSION = YES;
				CLANG_WARN_INFINITE_RECURSION = YES;
				CLANG_WARN_INT_CONVERSION = YES;
				CLANG_WARN_NON_LITERAL_NULL_CONVERSION = YES;
				CLANG_WARN_OBJC_IMPLICIT_RETAIN_SELF = YES;
				CLANG_WARN_OBJC_LITERAL_CONVERSION = YES;
				CLANG_WARN_OBJC_ROOT_CLASS = YES_ERROR;
				CLANG_WARN_QUOTED_INCLUDE_IN_FRAMEWORK_HEADER = YES;
				CLANG_WARN_RANGE_LOOP_ANALYSIS = YES;
				CLANG_WARN_STRICT_PROTOTYPES = YES;
				CLANG_WARN_SUSPICIOUS_MOVE = YES;
				CLANG_WARN_UNGUARDED_AVAILABILITY = YES_AGGRESSIVE;
				CLANG_WARN_UNREACHABLE_CODE = YES;
				CLANG_WARN__DUPLICATE_METHOD_MATCH = YES;
				COPY_PHASE_STRIP = NO;
				DEBUG_INFORMATION_FORMAT = dwarf;
				ENABLE_STRICT_OBJC_MSGSEND = YES;
				ENABLE_TESTABILITY = YES;
				ENABLE_USER_SCRIPT_SANDBOXING = YES;
				GCC_C_LANGUAGE_STANDARD = gnu17;
				GCC_DYNAMIC_NO_PIC = NO;
				GCC_NO_COMMON_BLOCKS = YES;
				GCC_OPTIMIZATION_LEVEL = 0;
				GCC_PREPROCESSOR_DEFINITIONS = (
					"DEBUG=1",
					"$(inherited)",
				);
				GCC_WARN_64_TO_32_BIT_CONVERSION = YES;
				GCC_WARN_ABOUT_RETURN_TYPE = YES_ERROR;
				GCC_WARN_UNDECLARED_SELECTOR = YES;
				GCC_WARN_UNINITIALIZED_AUTOS = YES_AGGRESSIVE;
				GCC_WARN_UNUSED_FUNCTION = YES;
				GCC_WARN_UNUSED_VARIABLE = YES;
				LOCALIZATION_PREFERS_STRING_CATALOGS = YES;
				MACOSX_DEPLOYMENT_TARGET = 14.0;
				MTL_ENABLE_DEBUG_INFO = INCLUDE_SOURCE;
				MTL_FAST_MATH = YES;
				ONLY_ACTIVE_ARCH = YES;
				SDKROOT = macosx;
				SWIFT_ACTIVE_COMPILATION_CONDITIONS = "DEBUG $(inherited)";
				SWIFT_OPTIMIZATION_LEVEL = "-Onone";
			};
			name = Debug;
		};
		A10000081 /* Release */ = {
			isa = XCBuildConfiguration;
			buildSettings = {
				ALWAYS_SEARCH_USER_PATHS = NO;
				ASSETCATALOG_COMPILER_GENERATE_SWIFT_ASSET_SYMBOL_EXTENSIONS = YES;
				CLANG_ANALYZER_NONNULL = YES;
				CLANG_ANALYZER_NUMBER_OBJECT_CONVERSION = YES_AGGRESSIVE;
				CLANG_CXX_LANGUAGE_STANDARD = "gnu++20";
				CLANG_ENABLE_MODULES = YES;
				CLANG_ENABLE_OBJC_ARC = YES;
				CLANG_ENABLE_OBJC_WEAK = YES;
				CLANG_WARN_BLOCK_CAPTURE_AUTORELEASING = YES;
				CLANG_WARN_BOOL_CONVERSION = YES;
				CLANG_WARN_COMMA = YES;
				CLANG_WARN_CONSTANT_CONVERSION = YES;
				CLANG_WARN_DEPRECATED_OBJC_IMPLEMENTATIONS = YES;
				CLANG_WARN_DIRECT_OBJC_ISA_USAGE = YES_ERROR;
				CLANG_WARN_DOCUMENTATION_COMMENTS = YES;
				CLANG_WARN_EMPTY_BODY = YES;
				CLANG_WARN_ENUM_CONVERSION = YES;
				CLANG_WARN_INFINITE_RECURSION = YES;
				CLANG_WARN_INT_CONVERSION = YES;
				CLANG_WARN_NON_LITERAL_NULL_CONVERSION = YES;
				CLANG_WARN_OBJC_IMPLICIT_RETAIN_SELF = YES;
				CLANG_WARN_OBJC_LITERAL_CONVERSION = YES;
				CLANG_WARN_OBJC_ROOT_CLASS = YES_ERROR;
				CLANG_WARN_QUOTED_INCLUDE_IN_FRAMEWORK_HEADER = YES;
				CLANG_WARN_RANGE_LOOP_ANALYSIS = YES;
				CLANG_WARN_STRICT_PROTOTYPES = YES;
				CLANG_WARN_SUSPICIOUS_MOVE = YES;
				CLANG_WARN_UNGUARDED_AVAILABILITY = YES_AGGRESSIVE;
				CLANG_WARN_UNREACHABLE_CODE = YES;
				CLANG_WARN__DUPLICATE_METHOD_MATCH = YES;
				COPY_PHASE_STRIP = NO;
				DEBUG_INFORMATION_FORMAT = "dwarf-with-dsym";
				ENABLE_NS_ASSERTIONS = NO;
				ENABLE_STRICT_OBJC_MSGSEND = YES;
				ENABLE_USER_SCRIPT_SANDBOXING = YES;
				GCC_C_LANGUAGE_STANDARD = gnu17;
				GCC_NO_COMMON_BLOCKS = YES;
				GCC_WARN_64_TO_32_BIT_CONVERSION = YES;
				GCC_WARN_ABOUT_RETURN_TYPE = YES_ERROR;
				GCC_WARN_UNDECLARED_SELECTOR = YES;
				GCC_WARN_UNINITIALIZED_AUTOS = YES_AGGRESSIVE;
				GCC_WARN_UNUSED_FUNCTION = YES;
				GCC_WARN_UNUSED_VARIABLE = YES;
				LOCALIZATION_PREFERS_STRING_CATALOGS = YES;
				MACOSX_DEPLOYMENT_TARGET = 14.0;
				MTL_ENABLE_DEBUG_INFO = NO;
				MTL_FAST_MATH = YES;
				SDKROOT = macosx;
				SWIFT_COMPILATION_MODE = wholemodule;
			};
			name = Release;
		};
		A10000082 /* Debug */ = {
			isa = XCBuildConfiguration;
			buildSettings = {
				ASSETCATALOG_COMPILER_APPICON_NAME = AppIcon;
				ASSETCATALOG_COMPILER_GLOBAL_ACCENT_COLOR_NAME = AccentColor;
				CODE_SIGN_ENTITLEMENTS = AnimaMac/AnimaMac.entitlements;
				CODE_SIGN_STYLE = Automatic;
				COMBINE_HIDPI_IMAGES = YES;
				CURRENT_PROJECT_VERSION = 1;
				DEVELOPMENT_ASSET_PATHS = "";
				ENABLE_PREVIEWS = YES;
				GENERATE_INFOPLIST_FILE = NO;
				INFOPLIST_FILE = AnimaMac/Info.plist;
				INFOPLIST_KEY_LSApplicationCategoryType = "public.app-category.utilities";
				INFOPLIST_KEY_NSHumanReadableCopyright = "";
				LD_RUNPATH_SEARCH_PATHS = (
					"$(inherited)",
					"@executable_path/../Frameworks",
				);
				MARKETING_VERSION = 1.0;
				PRODUCT_BUNDLE_IDENTIFIER = com.animamac.app;
				PRODUCT_NAME = "$(TARGET_NAME)";
				SWIFT_EMIT_LOC_STRINGS = YES;
				SWIFT_VERSION = 5.0;
			};
			name = Debug;
		};
		A10000083 /* Release */ = {
			isa = XCBuildConfiguration;
			buildSettings = {
				ASSETCATALOG_COMPILER_APPICON_NAME = AppIcon;
				ASSETCATALOG_COMPILER_GLOBAL_ACCENT_COLOR_NAME = AccentColor;
				CODE_SIGN_ENTITLEMENTS = AnimaMac/AnimaMac.entitlements;
				CODE_SIGN_STYLE = Automatic;
				COMBINE_HIDPI_IMAGES = YES;
				CURRENT_PROJECT_VERSION = 1;
				DEVELOPMENT_ASSET_PATHS = "";
				ENABLE_PREVIEWS = YES;
				GENERATE_INFOPLIST_FILE = NO;
				INFOPLIST_FILE = AnimaMac/Info.plist;
				INFOPLIST_KEY_LSApplicationCategoryType = "public.app-category.utilities";
				INFOPLIST_KEY_NSHumanReadableCopyright = "";
				LD_RUNPATH_SEARCH_PATHS = (
					"$(inherited)",
					"@executable_path/../Frameworks",
				);
				MARKETING_VERSION = 1.0;
				PRODUCT_BUNDLE_IDENTIFIER = com.animamac.app;
				PRODUCT_NAME = "$(TARGET_NAME)";
				SWIFT_EMIT_LOC_STRINGS = YES;
				SWIFT_VERSION = 5.0;
			};
			name = Release;
		};
/* End XCBuildConfiguration section */

/* Begin XCConfigurationList section */
		A10000060 /* Build configuration list for PBXNativeTarget "AnimaMac" */ = {
			isa = XCConfigurationList;
			buildConfigurations = (
				A10000082 /* Debug */,
				A10000083 /* Release */,
			);
			defaultConfigurationIsVisible = 0;
			defaultConfigurationName = Release;
		};
		A10000071 /* Build configuration list for PBXProject "AnimaMac" */ = {
			isa = XCConfigurationList;
			buildConfigurations = (
				A10000080 /* Debug */,
				A10000081 /* Release */,
			);
			defaultConfigurationIsVisible = 0;
			defaultConfigurationName = Release;
		};
/* End XCConfigurationList section */
	};
	rootObject = A10000070 /* Project object */;
}
